
Microsoft Visual Studio Solution File, Format Version 12.00
# Visual Studio Version 17
VisualStudioVersion = 17.1.32210.238
MinimumVisualStudioVersion = 10.0.40219.1
Project("{9A19103F-16F7-4668-BE54-9A1E7A4F7556}") = "Presentation", "MyEcommerce\Presentation.csproj", "{A1EAA6B7-E302-4B60-95FD-9A15F208A01D}"
EndProject
Project("{9A19103F-16F7-4668-BE54-9A1E7A4F7556}") = "Domain", "Domain\Domain.csproj", "{BF246524-C747-4AB8-BBF2-233BA0E68B10}"
EndProject
Project("{9A19103F-16F7-4668-BE54-9A1E7A4F7556}") = "Infrastructure", "Infrastructure\Infrastructure.csproj", "{7792ED31-F15D-489A-B4AA-742F7B35C4BE}"
EndProject
Project("{9A19103F-16F7-4668-BE54-9A1E7A4F7556}") = "Application", "Application\Application.csproj", "{E7B43B39-C0B0-4DC0-B539-F537F92CC982}"
EndProject
Project("{2150E333-8FDC-42A3-9474-1A3956D46DE8}") = "Tests", "Tests", "{D205D90A-BFF5-4DCB-8298-98383BE2323D}"
EndProject
Project("{9A19103F-16F7-4668-BE54-9A1E7A4F7556}") = "Domain.UnitTests", "Domain.UnitTests\Domain.UnitTests.csproj", "{CB21C360-15E0-47F1-A2A9-01AA7E7D3CA2}"
EndProject
Project("{FAE04EC0-301F-11D3-BF4B-00C04F79EFBC}") = "WebApi", "WebApi\WebApi.csproj", "{A68A4517-A4BD-4AEA-8CA5-58E4EF90DE80}"
EndProject
Global
	GlobalSection(SolutionConfigurationPlatforms) = preSolution
		Debug|Any CPU = Debug|Any CPU
		Release|Any CPU = Release|Any CPU
	EndGlobalSection
	GlobalSection(ProjectConfigurationPlatforms) = postSolution
		{A1EAA6B7-E302-4B60-95FD-9A15F208A01D}.Debug|Any CPU.ActiveCfg = Debug|Any CPU
		{A1EAA6B7-E302-4B60-95FD-9A15F208A01D}.Debug|Any CPU.Build.0 = Debug|Any CPU
		{A1EAA6B7-E302-4B60-95FD-9A15F208A01D}.Release|Any CPU.ActiveCfg = Release|Any CPU
		{A1EAA6B7-E302-4B60-95FD-9A15F208A01D}.Release|Any CPU.Build.0 = Release|Any CPU
		{BF246524-C747-4AB8-BBF2-233BA0E68B10}.Debug|Any CPU.ActiveCfg = Debug|Any CPU
		{BF246524-C747-4AB8-BBF2-233BA0E68B10}.Debug|Any CPU.Build.0 = Debug|Any CPU
		{BF246524-C747-4AB8-BBF2-233BA0E68B10}.Release|Any CPU.ActiveCfg = Release|Any CPU
		{BF246524-C747-4AB8-BBF2-233BA0E68B10}.Release|Any CPU.Build.0 = Release|Any CPU
		{7792ED31-F15D-489A-B4AA-742F7B35C4BE}.Debug|Any CPU.ActiveCfg = Debug|Any CPU
		{7792ED31-F15D-489A-B4AA-742F7B35C4BE}.Debug|Any CPU.Build.0 = Debug|Any CPU
		{7792ED31-F15D-489A-B4AA-742F7B35C4BE}.Release|Any CPU.ActiveCfg = Release|Any CPU
		{7792ED31-F15D-489A-B4AA-742F7B35C4BE}.Release|Any CPU.Build.0 = Release|Any CPU
		{E7B43B39-C0B0-4DC0-B539-F537F92CC982}.Debug|Any CPU.ActiveCfg = Debug|Any CPU
		{E7B43B39-C0B0-4DC0-B539-F537F92CC982}.Debug|Any CPU.Build.0 = Debug|Any CPU
		{E7B43B39-C0B0-4DC0-B539-F537F92CC982}.Release|Any CPU.ActiveCfg = Release|Any CPU
		{E7B43B39-C0B0-4DC0-B539-F537F92CC982}.Release|Any CPU.Build.0 = Release|Any CPU
		{CB21C360-15E0-47F1-A2A9-01AA7E7D3CA2}.Debug|Any CPU.ActiveCfg = Debug|Any CPU
		{CB21C360-15E0-47F1-A2A9-01AA7E7D3CA2}.Debug|Any CPU.Build.0 = Debug|Any CPU
		{CB21C360-15E0-47F1-A2A9-01AA7E7D3CA2}.Release|Any CPU.ActiveCfg = Release|Any CPU
		{CB21C360-15E0-47F1-A2A9-01AA7E7D3CA2}.Release|Any CPU.Build.0 = Release|Any CPU
		{A68A4517-A4BD-4AEA-8CA5-58E4EF90DE80}.Debug|Any CPU.ActiveCfg = Debug|Any CPU
		{A68A4517-A4BD-4AEA-8CA5-58E4EF90DE80}.Debug|Any CPU.Build.0 = Debug|Any CPU
		{A68A4517-A4BD-4AEA-8CA5-58E4EF90DE80}.Release|Any CPU.ActiveCfg = Release|Any CPU
		{A68A4517-A4BD-4AEA-8CA5-58E4EF90DE80}.Release|Any CPU.Build.0 = Release|Any CPU
	EndGlobalSection
	GlobalSection(SolutionProperties) = preSolution
		HideSolutionNode = FALSE
	EndGlobalSection
	GlobalSection(NestedProjects) = preSolution
		{CB21C360-15E0-47F1-A2A9-01AA7E7D3CA2} = {D205D90A-BFF5-4DCB-8298-98383BE2323D}
	EndGlobalSection
	GlobalSection(ExtensibilityGlobals) = postSolution
		SolutionGuid = {A6DA1FDC-4AE7-436E-B0C5-4D11A5277D08}
	EndGlobalSection
EndGlobal
